<?xml version="1.0" encoding="UTF-8" standalone="yes" ?>
<CodeBlocks_project_file>
   <FileVersion major="1" minor="6" />
   <Project>
      <Option title="Project" />
      <Option makefile_is_custom="1" />
      <Option compiler="gcc" />
      <Option virtualFolders="CMake Files\;" />
      <Build>
      <Target title="all">
         <Option working_dir="C:/Users/Maximilian/Desktop/TUM/6.Semester/Grundkurs C++/Hauptprojekt/gruppe4_hauptprojekt/gruppe4_hauptprojekt/Box2D/build-HelloWorld-Desktop_Qt_5_6_0_MinGW_32bit-Vorgabe" />
         <Option type="4" />
         <MakeCommands>
            <Build command="C:/Qt/Tools/mingw492_32/bin/mingw32-make.exe -f &quot;C:/Users/Maximilian/Desktop/TUM/6.Semester/Grundkurs C++/Hauptprojekt/gruppe4_hauptprojekt/gruppe4_hauptprojekt/Box2D/build-HelloWorld-Desktop_Qt_5_6_0_MinGW_32bit-Vorgabe/Makefile&quot;  VERBOSE=1 all" />
            <CompileFile command="C:/Qt/Tools/mingw492_32/bin/mingw32-make.exe -f &quot;C:/Users/Maximilian/Desktop/TUM/6.Semester/Grundkurs C++/Hauptprojekt/gruppe4_hauptprojekt/gruppe4_hauptprojekt/Box2D/build-HelloWorld-Desktop_Qt_5_6_0_MinGW_32bit-Vorgabe/Makefile&quot;  VERBOSE=1 &quot;$file&quot;" />
            <Clean command="C:/Qt/Tools/mingw492_32/bin/mingw32-make.exe -f &quot;C:/Users/Maximilian/Desktop/TUM/6.Semester/Grundkurs C++/Hauptprojekt/gruppe4_hauptprojekt/gruppe4_hauptprojekt/Box2D/build-HelloWorld-Desktop_Qt_5_6_0_MinGW_32bit-Vorgabe/Makefile&quot;  VERBOSE=1 clean" />
            <DistClean command="C:/Qt/Tools/mingw492_32/bin/mingw32-make.exe -f &quot;C:/Users/Maximilian/Desktop/TUM/6.Semester/Grundkurs C++/Hauptprojekt/gruppe4_hauptprojekt/gruppe4_hauptprojekt/Box2D/build-HelloWorld-Desktop_Qt_5_6_0_MinGW_32bit-Vorgabe/Makefile&quot;  VERBOSE=1 clean" />
         </MakeCommands>
      </Target>
      <Target title="HelloWorld">
         <Option output="C:/Users/Maximilian/Desktop/TUM/6.Semester/Grundkurs C++/Hauptprojekt/gruppe4_hauptprojekt/gruppe4_hauptprojekt/Box2D/build-HelloWorld-Desktop_Qt_5_6_0_MinGW_32bit-Vorgabe/HelloWorld.exe" prefix_auto="0" extension_auto="0" />
         <Option working_dir="" />
         <Option object_output="./" />
         <Option type="1" />
         <Option compiler="gcc" />
         <Compiler>
            <Add directory="C:/Qt/Tools/mingw492_32/bin/../lib/gcc/i686-w64-mingw32/4.9.2/../../../../i686-w64-mingw32/include" />
            <Add directory="C:/Qt/Tools/mingw492_32/bin/../lib/gcc/i686-w64-mingw32/4.9.2/include" />
            <Add directory="C:/Qt/Tools/mingw492_32/bin/../lib/gcc/i686-w64-mingw32/4.9.2/include-fixed" />
            <Add directory="C:/Qt/Tools/mingw492_32/lib/gcc/../../i686-w64-mingw32/include/c++" />
            <Add directory="C:/Qt/Tools/mingw492_32/lib/gcc/../../i686-w64-mingw32/include/c++/backward" />
            <Add directory="C:/Qt/Tools/mingw492_32/lib/gcc/../../i686-w64-mingw32/include/c++/i686-w64-mingw32" />
         </Compiler>
         <MakeCommands>
            <Build command="C:/Qt/Tools/mingw492_32/bin/mingw32-make.exe -f &quot;C:/Users/Maximilian/Desktop/TUM/6.Semester/Grundkurs C++/Hauptprojekt/gruppe4_hauptprojekt/gruppe4_hauptprojekt/Box2D/build-HelloWorld-Desktop_Qt_5_6_0_MinGW_32bit-Vorgabe/Makefile&quot;  VERBOSE=1 HelloWorld" />
            <CompileFile command="C:/Qt/Tools/mingw492_32/bin/mingw32-make.exe -f &quot;C:/Users/Maximilian/Desktop/TUM/6.Semester/Grundkurs C++/Hauptprojekt/gruppe4_hauptprojekt/gruppe4_hauptprojekt/Box2D/build-HelloWorld-Desktop_Qt_5_6_0_MinGW_32bit-Vorgabe/Makefile&quot;  VERBOSE=1 &quot;$file&quot;" />
            <Clean command="C:/Qt/Tools/mingw492_32/bin/mingw32-make.exe -f &quot;C:/Users/Maximilian/Desktop/TUM/6.Semester/Grundkurs C++/Hauptprojekt/gruppe4_hauptprojekt/gruppe4_hauptprojekt/Box2D/build-HelloWorld-Desktop_Qt_5_6_0_MinGW_32bit-Vorgabe/Makefile&quot;  VERBOSE=1 clean" />
            <DistClean command="C:/Qt/Tools/mingw492_32/bin/mingw32-make.exe -f &quot;C:/Users/Maximilian/Desktop/TUM/6.Semester/Grundkurs C++/Hauptprojekt/gruppe4_hauptprojekt/gruppe4_hauptprojekt/Box2D/build-HelloWorld-Desktop_Qt_5_6_0_MinGW_32bit-Vorgabe/Makefile&quot;  VERBOSE=1 clean" />
         </MakeCommands>
      </Target>
      <Target title="HelloWorld/fast">
         <Option output="C:/Users/Maximilian/Desktop/TUM/6.Semester/Grundkurs C++/Hauptprojekt/gruppe4_hauptprojekt/gruppe4_hauptprojekt/Box2D/build-HelloWorld-Desktop_Qt_5_6_0_MinGW_32bit-Vorgabe/HelloWorld.exe" prefix_auto="0" extension_auto="0" />
         <Option working_dir="" />
         <Option object_output="./" />
         <Option type="1" />
         <Option compiler="gcc" />
         <Compiler>
            <Add directory="C:/Qt/Tools/mingw492_32/bin/../lib/gcc/i686-w64-mingw32/4.9.2/../../../../i686-w64-mingw32/include" />
            <Add directory="C:/Qt/Tools/mingw492_32/bin/../lib/gcc/i686-w64-mingw32/4.9.2/include" />
            <Add directory="C:/Qt/Tools/mingw492_32/bin/../lib/gcc/i686-w64-mingw32/4.9.2/include-fixed" />
            <Add directory="C:/Qt/Tools/mingw492_32/lib/gcc/../../i686-w64-mingw32/include/c++" />
            <Add directory="C:/Qt/Tools/mingw492_32/lib/gcc/../../i686-w64-mingw32/include/c++/backward" />
            <Add directory="C:/Qt/Tools/mingw492_32/lib/gcc/../../i686-w64-mingw32/include/c++/i686-w64-mingw32" />
         </Compiler>
         <MakeCommands>
            <Build command="C:/Qt/Tools/mingw492_32/bin/mingw32-make.exe -f &quot;C:/Users/Maximilian/Desktop/TUM/6.Semester/Grundkurs C++/Hauptprojekt/gruppe4_hauptprojekt/gruppe4_hauptprojekt/Box2D/build-HelloWorld-Desktop_Qt_5_6_0_MinGW_32bit-Vorgabe/Makefile&quot;  VERBOSE=1 HelloWorld/fast" />
            <CompileFile command="C:/Qt/Tools/mingw492_32/bin/mingw32-make.exe -f &quot;C:/Users/Maximilian/Desktop/TUM/6.Semester/Grundkurs C++/Hauptprojekt/gruppe4_hauptprojekt/gruppe4_hauptprojekt/Box2D/build-HelloWorld-Desktop_Qt_5_6_0_MinGW_32bit-Vorgabe/Makefile&quot;  VERBOSE=1 &quot;$file&quot;" />
            <Clean command="C:/Qt/Tools/mingw492_32/bin/mingw32-make.exe -f &quot;C:/Users/Maximilian/Desktop/TUM/6.Semester/Grundkurs C++/Hauptprojekt/gruppe4_hauptprojekt/gruppe4_hauptprojekt/Box2D/build-HelloWorld-Desktop_Qt_5_6_0_MinGW_32bit-Vorgabe/Makefile&quot;  VERBOSE=1 clean" />
            <DistClean command="C:/Qt/Tools/mingw492_32/bin/mingw32-make.exe -f &quot;C:/Users/Maximilian/Desktop/TUM/6.Semester/Grundkurs C++/Hauptprojekt/gruppe4_hauptprojekt/gruppe4_hauptprojekt/Box2D/build-HelloWorld-Desktop_Qt_5_6_0_MinGW_32bit-Vorgabe/Makefile&quot;  VERBOSE=1 clean" />
         </MakeCommands>
      </Target>
      <Target title="edit_cache">
         <Option working_dir="C:/Users/Maximilian/Desktop/TUM/6.Semester/Grundkurs C++/Hauptprojekt/gruppe4_hauptprojekt/gruppe4_hauptprojekt/Box2D/build-HelloWorld-Desktop_Qt_5_6_0_MinGW_32bit-Vorgabe" />
         <Option type="4" />
         <MakeCommands>
            <Build command="C:/Qt/Tools/mingw492_32/bin/mingw32-make.exe -f &quot;C:/Users/Maximilian/Desktop/TUM/6.Semester/Grundkurs C++/Hauptprojekt/gruppe4_hauptprojekt/gruppe4_hauptprojekt/Box2D/build-HelloWorld-Desktop_Qt_5_6_0_MinGW_32bit-Vorgabe/Makefile&quot;  VERBOSE=1 edit_cache" />
            <CompileFile command="C:/Qt/Tools/mingw492_32/bin/mingw32-make.exe -f &quot;C:/Users/Maximilian/Desktop/TUM/6.Semester/Grundkurs C++/Hauptprojekt/gruppe4_hauptprojekt/gruppe4_hauptprojekt/Box2D/build-HelloWorld-Desktop_Qt_5_6_0_MinGW_32bit-Vorgabe/Makefile&quot;  VERBOSE=1 &quot;$file&quot;" />
            <Clean command="C:/Qt/Tools/mingw492_32/bin/mingw32-make.exe -f &quot;C:/Users/Maximilian/Desktop/TUM/6.Semester/Grundkurs C++/Hauptprojekt/gruppe4_hauptprojekt/gruppe4_hauptprojekt/Box2D/build-HelloWorld-Desktop_Qt_5_6_0_MinGW_32bit-Vorgabe/Makefile&quot;  VERBOSE=1 clean" />
            <DistClean command="C:/Qt/Tools/mingw492_32/bin/mingw32-make.exe -f &quot;C:/Users/Maximilian/Desktop/TUM/6.Semester/Grundkurs C++/Hauptprojekt/gruppe4_hauptprojekt/gruppe4_hauptprojekt/Box2D/build-HelloWorld-Desktop_Qt_5_6_0_MinGW_32bit-Vorgabe/Makefile&quot;  VERBOSE=1 clean" />
         </MakeCommands>
      </Target>
      <Target title="rebuild_cache">
         <Option working_dir="C:/Users/Maximilian/Desktop/TUM/6.Semester/Grundkurs C++/Hauptprojekt/gruppe4_hauptprojekt/gruppe4_hauptprojekt/Box2D/build-HelloWorld-Desktop_Qt_5_6_0_MinGW_32bit-Vorgabe" />
         <Option type="4" />
         <MakeCommands>
            <Build command="C:/Qt/Tools/mingw492_32/bin/mingw32-make.exe -f &quot;C:/Users/Maximilian/Desktop/TUM/6.Semester/Grundkurs C++/Hauptprojekt/gruppe4_hauptprojekt/gruppe4_hauptprojekt/Box2D/build-HelloWorld-Desktop_Qt_5_6_0_MinGW_32bit-Vorgabe/Makefile&quot;  VERBOSE=1 rebuild_cache" />
            <CompileFile command="C:/Qt/Tools/mingw492_32/bin/mingw32-make.exe -f &quot;C:/Users/Maximilian/Desktop/TUM/6.Semester/Grundkurs C++/Hauptprojekt/gruppe4_hauptprojekt/gruppe4_hauptprojekt/Box2D/build-HelloWorld-Desktop_Qt_5_6_0_MinGW_32bit-Vorgabe/Makefile&quot;  VERBOSE=1 &quot;$file&quot;" />
            <Clean command="C:/Qt/Tools/mingw492_32/bin/mingw32-make.exe -f &quot;C:/Users/Maximilian/Desktop/TUM/6.Semester/Grundkurs C++/Hauptprojekt/gruppe4_hauptprojekt/gruppe4_hauptprojekt/Box2D/build-HelloWorld-Desktop_Qt_5_6_0_MinGW_32bit-Vorgabe/Makefile&quot;  VERBOSE=1 clean" />
            <DistClean command="C:/Qt/Tools/mingw492_32/bin/mingw32-make.exe -f &quot;C:/Users/Maximilian/Desktop/TUM/6.Semester/Grundkurs C++/Hauptprojekt/gruppe4_hauptprojekt/gruppe4_hauptprojekt/Box2D/build-HelloWorld-Desktop_Qt_5_6_0_MinGW_32bit-Vorgabe/Makefile&quot;  VERBOSE=1 clean" />
         </MakeCommands>
      </Target>
      </Build>
      <Unit filename="C:/Users/Maximilian/Desktop/TUM/6.Semester/Grundkurs C++/Hauptprojekt/gruppe4_hauptprojekt/gruppe4_hauptprojekt/Box2D/HelloWorld/HelloWorld.cpp">
         <Option target="HelloWorld"/>
      </Unit>
      <Unit filename="C:/Users/Maximilian/Desktop/TUM/6.Semester/Grundkurs C++/Hauptprojekt/gruppe4_hauptprojekt/gruppe4_hauptprojekt/Box2D/HelloWorld/CMakeLists.txt">
          <Option virtualFolder="CMake Files\" />
      </Unit>
   </Project>
</CodeBlocks_project_file>
